
Microsoft Visual Studio Solution File, Format Version 12.00
# 
Project("{FAE04EC0-301F-11D3-BF4B-00C04F79EFBC}") = "MultiSkyLinesII", "MultiSkyLinesII.csproj", "{F8D73ABD-1870-4D83-8B97-BA52641035F4}"
EndProject
Project("{2150E333-8FDC-42A3-9474-1A3956D46DE8}") = "tests", "tests", "{C01EA671-F6C4-4716-978A-C2DE4993C0C3}"
	ProjectSection(SolutionItems) = preProject
		tests\UI\test-ui-regressions.js = tests\UI\test-ui-regressions.js
	EndProjectSection
EndProject
Project("{2150E333-8FDC-42A3-9474-1A3956D46DE8}") = "Tools", "Tools", "{8C9B11C0-EB52-4FB8-A5C1-301FD9DC1D57}"
	ProjectSection(SolutionItems) = preProject
		Tools\Run\bump-version.ps1 = Tools\Run\bump-version.ps1
		Tools\Run\package.json = Tools\Run\package.json
	EndProjectSection
EndProject
Project("{FAE04EC0-301F-11D3-BF4B-00C04F79EFBC}") = "MultiSkyLineII.Tests", "tests\MultiSkyLineII.Tests\MultiSkyLineII.Tests.csproj", "{34AF71FE-0B21-4D43-B726-B59800D744C1}"
EndProject
Project("{FAE04EC0-301F-11D3-BF4B-00C04F79EFBC}") = "MockClient", "Tools\MockClient\MockClient.csproj", "{0322BB28-069C-4309-9707-96B5F6B430D1}"
EndProject
Global
	GlobalSection(SolutionConfigurationPlatforms) = preSolution
		Debug|Any CPU = Debug|Any CPU
		Release|Any CPU = Release|Any CPU
	EndGlobalSection
	GlobalSection(ProjectConfigurationPlatforms) = postSolution
		{F8D73ABD-1870-4D83-8B97-BA52641035F4}.Debug|Any CPU.ActiveCfg = Debug|Any CPU
		{F8D73ABD-1870-4D83-8B97-BA52641035F4}.Debug|Any CPU.Build.0 = Debug|Any CPU
		{F8D73ABD-1870-4D83-8B97-BA52641035F4}.Release|Any CPU.ActiveCfg = Release|Any CPU
		{F8D73ABD-1870-4D83-8B97-BA52641035F4}.Release|Any CPU.Build.0 = Release|Any CPU
		{34AF71FE-0B21-4D43-B726-B59800D744C1}.Debug|Any CPU.ActiveCfg = Debug|Any CPU
		{34AF71FE-0B21-4D43-B726-B59800D744C1}.Debug|Any CPU.Build.0 = Debug|Any CPU
		{34AF71FE-0B21-4D43-B726-B59800D744C1}.Release|Any CPU.ActiveCfg = Release|Any CPU
		{34AF71FE-0B21-4D43-B726-B59800D744C1}.Release|Any CPU.Build.0 = Release|Any CPU
		{0322BB28-069C-4309-9707-96B5F6B430D1}.Debug|Any CPU.ActiveCfg = Debug|Any CPU
		{0322BB28-069C-4309-9707-96B5F6B430D1}.Debug|Any CPU.Build.0 = Debug|Any CPU
		{0322BB28-069C-4309-9707-96B5F6B430D1}.Release|Any CPU.ActiveCfg = Release|Any CPU
		{0322BB28-069C-4309-9707-96B5F6B430D1}.Release|Any CPU.Build.0 = Release|Any CPU
	EndGlobalSection
	GlobalSection(NestedProjects) = preSolution
		{34AF71FE-0B21-4D43-B726-B59800D744C1} = {C01EA671-F6C4-4716-978A-C2DE4993C0C3}
		{0322BB28-069C-4309-9707-96B5F6B430D1} = {8C9B11C0-EB52-4FB8-A5C1-301FD9DC1D57}
	EndGlobalSection
EndGlobal
